
Microsoft Visual Studio Solution File, Format Version 12.00
# Visual Studio Version 16
VisualStudioVersion = 16.0.30717.126
MinimumVisualStudioVersion = 10.0.40219.1
Project("{FAE04EC0-301F-11D3-BF4B-00C04F79EFBC}") = "Aleatorio", "Aleatorio\Aleatorio.csproj", "{B0AAE6E9-0EB8-4BD6-85EA-22646573C224}"
EndProject
Global
	GlobalSection(SolutionConfigurationPlatforms) = preSolution
		Debug|Any CPU = Debug|Any CPU
		Release|Any CPU = Release|Any CPU
	EndGlobalSection
	GlobalSection(ProjectConfigurationPlatforms) = postSolution
		{B0AAE6E9-0EB8-4BD6-85EA-22646573C224}.Debug|Any CPU.ActiveCfg = Debug|Any CPU
		{B0AAE6E9-0EB8-4BD6-85EA-22646573C224}.Debug|Any CPU.Build.0 = Debug|Any CPU
		{B0AAE6E9-0EB8-4BD6-85EA-22646573C224}.Release|Any CPU.ActiveCfg = Release|Any CPU
		{B0AAE6E9-0EB8-4BD6-85EA-22646573C224}.Release|Any CPU.Build.0 = Release|Any CPU
	EndGlobalSection
	GlobalSection(SolutionProperties) = preSolution
		HideSolutionNode = FALSE
	EndGlobalSection
	GlobalSection(ExtensibilityGlobals) = postSolution
		SolutionGuid = {908FC283-1E84-4688-8514-319EA9FFAB59}
	EndGlobalSection
EndGlobal
