
Microsoft Visual Studio Solution File, Format Version 12.00
# Visual Studio Version 16
VisualStudioVersion = 16.0.30717.126
MinimumVisualStudioVersion = 10.0.40219.1
Project("{FAE04EC0-301F-11D3-BF4B-00C04F79EFBC}") = "Volumen de un cilindro", "Volumen de un cilindro\Volumen de un cilindro.csproj", "{989E8E0A-8553-4B26-BBEA-EA8EF134068A}"
EndProject
Global
	GlobalSection(SolutionConfigurationPlatforms) = preSolution
		Debug|Any CPU = Debug|Any CPU
		Release|Any CPU = Release|Any CPU
	EndGlobalSection
	GlobalSection(ProjectConfigurationPlatforms) = postSolution
		{989E8E0A-8553-4B26-BBEA-EA8EF134068A}.Debug|Any CPU.ActiveCfg = Debug|Any CPU
		{989E8E0A-8553-4B26-BBEA-EA8EF134068A}.Debug|Any CPU.Build.0 = Debug|Any CPU
		{989E8E0A-8553-4B26-BBEA-EA8EF134068A}.Release|Any CPU.ActiveCfg = Release|Any CPU
		{989E8E0A-8553-4B26-BBEA-EA8EF134068A}.Release|Any CPU.Build.0 = Release|Any CPU
	EndGlobalSection
	GlobalSection(SolutionProperties) = preSolution
		HideSolutionNode = FALSE
	EndGlobalSection
	GlobalSection(ExtensibilityGlobals) = postSolution
		SolutionGuid = {0BC61FF9-69AD-4C2C-A50C-E71AECF9D2FA}
	EndGlobalSection
EndGlobal
