
Microsoft Visual Studio Solution File, Format Version 12.00
# Visual Studio Version 16
VisualStudioVersion = 16.0.31129.286
MinimumVisualStudioVersion = 10.0.40219.1
Project("{FAE04EC0-301F-11D3-BF4B-00C04F79EFBC}") = "Reto 52NumeroBinarios", "Reto 52NumeroBinarios\Reto 52NumeroBinarios.csproj", "{E548F998-AB77-4BB2-A9AD-A2DB79F1751C}"
EndProject
Global
	GlobalSection(SolutionConfigurationPlatforms) = preSolution
		Debug|Any CPU = Debug|Any CPU
		Release|Any CPU = Release|Any CPU
	EndGlobalSection
	GlobalSection(ProjectConfigurationPlatforms) = postSolution
		{E548F998-AB77-4BB2-A9AD-A2DB79F1751C}.Debug|Any CPU.ActiveCfg = Debug|Any CPU
		{E548F998-AB77-4BB2-A9AD-A2DB79F1751C}.Debug|Any CPU.Build.0 = Debug|Any CPU
		{E548F998-AB77-4BB2-A9AD-A2DB79F1751C}.Release|Any CPU.ActiveCfg = Release|Any CPU
		{E548F998-AB77-4BB2-A9AD-A2DB79F1751C}.Release|Any CPU.Build.0 = Release|Any CPU
	EndGlobalSection
	GlobalSection(SolutionProperties) = preSolution
		HideSolutionNode = FALSE
	EndGlobalSection
	GlobalSection(ExtensibilityGlobals) = postSolution
		SolutionGuid = {58E70B01-083F-4F6F-9754-81134ED02A71}
	EndGlobalSection
EndGlobal
