
Microsoft Visual Studio Solution File, Format Version 12.00
# Visual Studio Version 16
VisualStudioVersion = 16.0.30717.126
MinimumVisualStudioVersion = 10.0.40219.1
Project("{FAE04EC0-301F-11D3-BF4B-00C04F79EFBC}") = "Hola mundo", "Hola mundo\Hola mundo.csproj", "{E9E7012E-EC9A-4571-B553-84A923E2D943}"
EndProject
Global
	GlobalSection(SolutionConfigurationPlatforms) = preSolution
		Debug|Any CPU = Debug|Any CPU
		Release|Any CPU = Release|Any CPU
	EndGlobalSection
	GlobalSection(ProjectConfigurationPlatforms) = postSolution
		{E9E7012E-EC9A-4571-B553-84A923E2D943}.Debug|Any CPU.ActiveCfg = Debug|Any CPU
		{E9E7012E-EC9A-4571-B553-84A923E2D943}.Debug|Any CPU.Build.0 = Debug|Any CPU
		{E9E7012E-EC9A-4571-B553-84A923E2D943}.Release|Any CPU.ActiveCfg = Release|Any CPU
		{E9E7012E-EC9A-4571-B553-84A923E2D943}.Release|Any CPU.Build.0 = Release|Any CPU
	EndGlobalSection
	GlobalSection(SolutionProperties) = preSolution
		HideSolutionNode = FALSE
	EndGlobalSection
	GlobalSection(ExtensibilityGlobals) = postSolution
		SolutionGuid = {ED60F8EE-779F-45D1-8D5F-ADECBC5D005B}
	EndGlobalSection
EndGlobal
