
Microsoft Visual Studio Solution File, Format Version 12.00
# Visual Studio Version 16
VisualStudioVersion = 16.0.31025.194
MinimumVisualStudioVersion = 10.0.40219.1
Project("{FAE04EC0-301F-11D3-BF4B-00C04F79EFBC}") = "Reto 43 Suma recursiva", "Reto 43 Suma recursiva\Reto 43 Suma recursiva.csproj", "{88B97D48-36FB-4033-B1EA-9B9FC8FBC45B}"
EndProject
Global
	GlobalSection(SolutionConfigurationPlatforms) = preSolution
		Debug|Any CPU = Debug|Any CPU
		Release|Any CPU = Release|Any CPU
	EndGlobalSection
	GlobalSection(ProjectConfigurationPlatforms) = postSolution
		{88B97D48-36FB-4033-B1EA-9B9FC8FBC45B}.Debug|Any CPU.ActiveCfg = Debug|Any CPU
		{88B97D48-36FB-4033-B1EA-9B9FC8FBC45B}.Debug|Any CPU.Build.0 = Debug|Any CPU
		{88B97D48-36FB-4033-B1EA-9B9FC8FBC45B}.Release|Any CPU.ActiveCfg = Release|Any CPU
		{88B97D48-36FB-4033-B1EA-9B9FC8FBC45B}.Release|Any CPU.Build.0 = Release|Any CPU
	EndGlobalSection
	GlobalSection(SolutionProperties) = preSolution
		HideSolutionNode = FALSE
	EndGlobalSection
	GlobalSection(ExtensibilityGlobals) = postSolution
		SolutionGuid = {27B5AB23-C4BC-424C-90A3-F2C53F697BBA}
	EndGlobalSection
EndGlobal
