
Microsoft Visual Studio Solution File, Format Version 12.00
# Visual Studio Version 16
VisualStudioVersion = 16.0.31019.35
MinimumVisualStudioVersion = 10.0.40219.1
Project("{FAE04EC0-301F-11D3-BF4B-00C04F79EFBC}") = "Reto 33 fibonacci de 10000", "Reto 33 fibonacci de 10000.csproj", "{B09178AE-D030-43AB-BE73-9E25EFF1102E}"
EndProject
Global
	GlobalSection(SolutionConfigurationPlatforms) = preSolution
		Debug|Any CPU = Debug|Any CPU
		Release|Any CPU = Release|Any CPU
	EndGlobalSection
	GlobalSection(ProjectConfigurationPlatforms) = postSolution
		{B09178AE-D030-43AB-BE73-9E25EFF1102E}.Debug|Any CPU.ActiveCfg = Debug|Any CPU
		{B09178AE-D030-43AB-BE73-9E25EFF1102E}.Debug|Any CPU.Build.0 = Debug|Any CPU
		{B09178AE-D030-43AB-BE73-9E25EFF1102E}.Release|Any CPU.ActiveCfg = Release|Any CPU
		{B09178AE-D030-43AB-BE73-9E25EFF1102E}.Release|Any CPU.Build.0 = Release|Any CPU
	EndGlobalSection
	GlobalSection(SolutionProperties) = preSolution
		HideSolutionNode = FALSE
	EndGlobalSection
	GlobalSection(ExtensibilityGlobals) = postSolution
		SolutionGuid = {8FC4B572-69B5-49C6-96D6-44C295051682}
	EndGlobalSection
EndGlobal
