
Microsoft Visual Studio Solution File, Format Version 12.00
# Visual Studio Version 16
VisualStudioVersion = 16.0.30717.126
MinimumVisualStudioVersion = 10.0.40219.1
Project("{FAE04EC0-301F-11D3-BF4B-00C04F79EFBC}") = "Repetir palabra", "Repetir palabra\Repetir palabra.csproj", "{C325C489-5299-4E1C-868A-A2C68B4BDD82}"
EndProject
Global
	GlobalSection(SolutionConfigurationPlatforms) = preSolution
		Debug|Any CPU = Debug|Any CPU
		Release|Any CPU = Release|Any CPU
	EndGlobalSection
	GlobalSection(ProjectConfigurationPlatforms) = postSolution
		{C325C489-5299-4E1C-868A-A2C68B4BDD82}.Debug|Any CPU.ActiveCfg = Debug|Any CPU
		{C325C489-5299-4E1C-868A-A2C68B4BDD82}.Debug|Any CPU.Build.0 = Debug|Any CPU
		{C325C489-5299-4E1C-868A-A2C68B4BDD82}.Release|Any CPU.ActiveCfg = Release|Any CPU
		{C325C489-5299-4E1C-868A-A2C68B4BDD82}.Release|Any CPU.Build.0 = Release|Any CPU
	EndGlobalSection
	GlobalSection(SolutionProperties) = preSolution
		HideSolutionNode = FALSE
	EndGlobalSection
	GlobalSection(ExtensibilityGlobals) = postSolution
		SolutionGuid = {E2E91509-B112-4EAE-BCC3-A66EAB343FED}
	EndGlobalSection
EndGlobal
