
Microsoft Visual Studio Solution File, Format Version 12.00
# Visual Studio Version 16
VisualStudioVersion = 16.0.31129.286
MinimumVisualStudioVersion = 10.0.40219.1
Project("{FAE04EC0-301F-11D3-BF4B-00C04F79EFBC}") = "Reto 49 movimiento aleatorio", "Reto 49 movimiento aleatorio\Reto 49 movimiento aleatorio.csproj", "{22B7313C-4E2A-4303-977F-277F05FE0EA2}"
EndProject
Global
	GlobalSection(SolutionConfigurationPlatforms) = preSolution
		Debug|Any CPU = Debug|Any CPU
		Release|Any CPU = Release|Any CPU
	EndGlobalSection
	GlobalSection(ProjectConfigurationPlatforms) = postSolution
		{22B7313C-4E2A-4303-977F-277F05FE0EA2}.Debug|Any CPU.ActiveCfg = Debug|Any CPU
		{22B7313C-4E2A-4303-977F-277F05FE0EA2}.Debug|Any CPU.Build.0 = Debug|Any CPU
		{22B7313C-4E2A-4303-977F-277F05FE0EA2}.Release|Any CPU.ActiveCfg = Release|Any CPU
		{22B7313C-4E2A-4303-977F-277F05FE0EA2}.Release|Any CPU.Build.0 = Release|Any CPU
	EndGlobalSection
	GlobalSection(SolutionProperties) = preSolution
		HideSolutionNode = FALSE
	EndGlobalSection
	GlobalSection(ExtensibilityGlobals) = postSolution
		SolutionGuid = {A7209E09-C276-4F5E-829C-409BC4A00E90}
	EndGlobalSection
EndGlobal
